
Microsoft Visual Studio Solution File, Format Version 12.00
# Visual Studio Version 16
VisualStudioVersion = 25.0.1704.4
MinimumVisualStudioVersion = 10.0.40219.1
Project("{FAE04EC0-301F-11D3-BF4B-00C04F79EFBC}") = "Notes_Backend", "Notes_Backend\Notes_Backend.csproj", "{72CEFCEF-1A29-4147-8A3A-A32C2504903B}"
EndProject
Global
	GlobalSection(SolutionConfigurationPlatforms) = preSolution
		Debug|Any CPU = Debug|Any CPU
		Release|Any CPU = Release|Any CPU
	EndGlobalSection
	GlobalSection(ProjectConfigurationPlatforms) = postSolution
		{72CEFCEF-1A29-4147-8A3A-A32C2504903B}.Debug|Any CPU.ActiveCfg = Debug|Any CPU
		{72CEFCEF-1A29-4147-8A3A-A32C2504903B}.Debug|Any CPU.Build.0 = Debug|Any CPU
		{72CEFCEF-1A29-4147-8A3A-A32C2504903B}.Release|Any CPU.ActiveCfg = Release|Any CPU
		{72CEFCEF-1A29-4147-8A3A-A32C2504903B}.Release|Any CPU.Build.0 = Release|Any CPU
	EndGlobalSection
	GlobalSection(SolutionProperties) = preSolution
		HideSolutionNode = FALSE
	EndGlobalSection
	GlobalSection(ExtensibilityGlobals) = postSolution
		SolutionGuid = {644C6F0B-04B9-4ABA-AA1B-C856B82F2454}
	EndGlobalSection
EndGlobal
